
Microsoft Visual Studio Solution File, Format Version 12.00
# Visual Studio Version 16
VisualStudioVersion = 16.0.31515.178
MinimumVisualStudioVersion = 10.0.40219.1
Project("{8BC9CEB8-8B4A-11D0-8D11-00A0C91BC942}") = "DDSDK", "DDSDK.vcxproj", "{EE27516A-CC65-4AB6-9F39-60508996A012}"
EndProject
Global
	GlobalSection(SolutionConfigurationPlatforms) = preSolution
		Debug|x64 = Debug|x64
		Debug|x86 = Debug|x86
		Release|x64 = Release|x64
		Release|x86 = Release|x86
	EndGlobalSection
	GlobalSection(ProjectConfigurationPlatforms) = postSolution
		{EE27516A-CC65-4AB6-9F39-60508996A012}.Debug|x64.ActiveCfg = Debug|x64
		{EE27516A-CC65-4AB6-9F39-60508996A012}.Debug|x64.Build.0 = Debug|x64
		{EE27516A-CC65-4AB6-9F39-60508996A012}.Debug|x86.ActiveCfg = Debug|Win32
		{EE27516A-CC65-4AB6-9F39-60508996A012}.Debug|x86.Build.0 = Debug|Win32
		{EE27516A-CC65-4AB6-9F39-60508996A012}.Release|x64.ActiveCfg = Release|x64
		{EE27516A-CC65-4AB6-9F39-60508996A012}.Release|x64.Build.0 = Release|x64
		{EE27516A-CC65-4AB6-9F39-60508996A012}.Release|x86.ActiveCfg = Release|Win32
		{EE27516A-CC65-4AB6-9F39-60508996A012}.Release|x86.Build.0 = Release|Win32
	EndGlobalSection
	GlobalSection(SolutionProperties) = preSolution
		HideSolutionNode = FALSE
	EndGlobalSection
	GlobalSection(ExtensibilityGlobals) = postSolution
		SolutionGuid = {5CB7226B-7D06-429A-9129-3475EC783CD2}
	EndGlobalSection
EndGlobal
